// !$*UTF8*$!
{
	archiveVersion = 1;
	classes = {
	};
	objectVersion = 50;
	objects = {

/* Begin PBXBuildFile section */
		AA4BFD74252214A0000723D8 /* AppDelegate.swift in Sources */ = {isa = PBXBuildFile; fileRef = AA4BFD73252214A0000723D8 /* AppDelegate.swift */; };
		AA4BFD76252214A0000723D8 /* SceneDelegate.swift in Sources */ = {isa = PBXBuildFile; fileRef = AA4BFD75252214A0000723D8 /* SceneDelegate.swift */; };
		AA4BFD78252214A0000723D8 /* ViewController.swift in Sources */ = {isa = PBXBuildFile; fileRef = AA4BFD77252214A0000723D8 /* ViewController.swift */; };
		AA4BFD7B252214A0000723D8 /* Main.storyboard in Resources */ = {isa = PBXBuildFile; fileRef = AA4BFD79252214A0000723D8 /* Main.storyboard */; };
		AA4BFD7D252214A4000723D8 /* Assets.xcassets in Resources */ = {isa = PBXBuildFile; fileRef = AA4BFD7C252214A4000723D8 /* Assets.xcassets */; };
		AA4BFD80252214A4000723D8 /* LaunchScreen.storyboard in Resources */ = {isa = PBXBuildFile; fileRef = AA4BFD7E252214A4000723D8 /* LaunchScreen.storyboard */; };
		AA4BFD8925221A70000723D8 /* MyCustomTableViewCell.swift in Sources */ = {isa = PBXBuildFile; fileRef = AA4BFD8825221A70000723D8 /* MyCustomTableViewCell.swift */; };
/* End PBXBuildFile section */

/* Begin PBXFileReference section */
		AA4BFD70252214A0000723D8 /* tableViewAvancado.app */ = {isa = PBXFileReference; explicitFileType = wrapper.application; includeInIndex = 0; path = tableViewAvancado.app; sourceTree = BUILT_PRODUCTS_DIR; };
		AA4BFD73252214A0000723D8 /* AppDelegate.swift */ = {isa = PBXFileReference; lastKnownFileType = sourcecode.swift; path = AppDelegate.swift; sourceTree = "<group>"; };
		AA4BFD75252214A0000723D8 /* SceneDelegate.swift */ = {isa = PBXFileReference; lastKnownFileType = sourcecode.swift; path = SceneDelegate.swift; sourceTree = "<group>"; };
		AA4BFD77252214A0000723D8 /* ViewController.swift */ = {isa = PBXFileReference; lastKnownFileType = sourcecode.swift; path = ViewController.swift; sourceTree = "<group>"; };
		AA4BFD7A252214A0000723D8 /* Base */ = {isa = PBXFileReference; lastKnownFileType = file.storyboard; name = Base; path = Base.lproj/Main.storyboard; sourceTree = "<group>"; };
		AA4BFD7C252214A4000723D8 /* Assets.xcassets */ = {isa = PBXFileReference; lastKnownFileType = folder.assetcatalog; path = Assets.xcassets; sourceTree = "<group>"; };
		AA4BFD7F252214A4000723D8 /* Base */ = {isa = PBXFileReference; lastKnownFileType = file.storyboard; name = Base; path = Base.lproj/LaunchScreen.storyboard; sourceTree = "<group>"; };
		AA4BFD81252214A4000723D8 /* Info.plist */ = {isa = PBXFileReference; lastKnownFileType = text.plist.xml; path = Info.plist; sourceTree = "<group>"; };
		AA4BFD8825221A70000723D8 /* MyCustomTableViewCell.swift */ = {isa = PBXFileReference; lastKnownFileType = sourcecode.swift; path = MyCustomTableViewCell.swift; sourceTree = "<group>"; };
/* End PBXFileReference section */

/* Begin PBXFrameworksBuildPhase section */
		AA4BFD6D252214A0000723D8 /* Frameworks */ = {
			isa = PBXFrameworksBuildPhase;
			buildActionMask = 2147483647;
			files = (
			);
			runOnlyForDeploymentPostprocessing = 0;
		};
/* End PBXFrameworksBuildPhase section */

/* Begin PBXGroup section */
		AA4BFD67252214A0000723D8 = {
			isa = PBXGroup;
			children = (
				AA4BFD72252214A0000723D8 /* tableViewAvancado */,
				AA4BFD71252214A0000723D8 /* Products */,
			);
			sourceTree = "<group>";
		};
		AA4BFD71252214A0000723D8 /* Products */ = {
			isa = PBXGroup;
			children = (
				AA4BFD70252214A0000723D8 /* tableViewAvancado.app */,
			);
			name = Products;
			sourceTree = "<group>";
		};
		AA4BFD72252214A0000723D8 /* tableViewAvancado */ = {
			isa = PBXGroup;
			children = (
				AA4BFD73252214A0000723D8 /* AppDelegate.swift */,
				AA4BFD75252214A0000723D8 /* SceneDelegate.swift */,
				AA4BFD77252214A0000723D8 /* ViewController.swift */,
				AA4BFD8825221A70000723D8 /* MyCustomTableViewCell.swift */,
				AA4BFD79252214A0000723D8 /* Main.storyboard */,
				AA4BFD7C252214A4000723D8 /* Assets.xcassets */,
				AA4BFD7E252214A4000723D8 /* LaunchScreen.storyboard */,
				AA4BFD81252214A4000723D8 /* Info.plist */,
			);
			path = tableViewAvancado;
			sourceTree = "<group>";
		};
/* End PBXGroup section */

/* Begin PBXNativeTarget section */
		AA4BFD6F252214A0000723D8 /* tableViewAvancado */ = {
			isa = PBXNativeTarget;
			buildConfigurationList = AA4BFD84252214A4000723D8 /* Build configuration list for PBXNativeTarget "tableViewAvancado" */;
			buildPhases = (
				AA4BFD6C252214A0000723D8 /* Sources */,
				AA4BFD6D252214A0000723D8 /* Frameworks */,
				AA4BFD6E252214A0000723D8 /* Resources */,
			);
			buildRules = (
			);
			dependencies = (
			);
			name = tableViewAvancado;
			productName = tableViewAvancado;
			productReference = AA4BFD70252214A0000723D8 /* tableViewAvancado.app */;
			productType = "com.apple.product-type.application";
		};
/* End PBXNativeTarget section */

/* Begin PBXProject section */
		AA4BFD68252214A0000723D8 /* Project object */ = {
			isa = PBXProject;
			attributes = {
				LastSwiftUpdateCheck = 1200;
				LastUpgradeCheck = 1200;
				TargetAttributes = {
					AA4BFD6F252214A0000723D8 = {
						CreatedOnToolsVersion = 12.0;
					};
				};
			};
			buildConfigurationList = AA4BFD6B252214A0000723D8 /* Build configuration list for PBXProject "tableViewAvancado" */;
			compatibilityVersion = "Xcode 9.3";
			developmentRegion = en;
			hasScannedForEncodings = 0;
			knownRegions = (
				en,
				Base,
			);
			mainGroup = AA4BFD67252214A0000723D8;
			productRefGroup = AA4BFD71252214A0000723D8 /* Products */;
			projectDirPath = "";
			projectRoot = "";
			targets = (
				AA4BFD6F252214A0000723D8 /* tableViewAvancado */,
			);
		};
/* End PBXProject section */

/* Begin PBXResourcesBuildPhase section */
		AA4BFD6E252214A0000723D8 /* Resources */ = {
			isa = PBXResourcesBuildPhase;
			buildActionMask = 2147483647;
			files = (
				AA4BFD80252214A4000723D8 /* LaunchScreen.storyboard in Resources */,
				AA4BFD7D252214A4000723D8 /* Assets.xcassets in Resources */,
				AA4BFD7B252214A0000723D8 /* Main.storyboard in Resources */,
			);
			runOnlyForDeploymentPostprocessing = 0;
		};
/* End PBXResourcesBuildPhase section */

/* Begin PBXSourcesBuildPhase section */
		AA4BFD6C252214A0000723D8 /* Sources */ = {
			isa = PBXSourcesBuildPhase;
			buildActionMask = 2147483647;
			files = (
				AA4BFD78252214A0000723D8 /* ViewController.swift in Sources */,
				AA4BFD74252214A0000723D8 /* AppDelegate.swift in Sources */,
				AA4BFD8925221A70000723D8 /* MyCustomTableViewCell.swift in Sources */,
				AA4BFD76252214A0000723D8 /* SceneDelegate.swift in Sources */,
			);
			runOnlyForDeploymentPostprocessing = 0;
		};
/* End PBXSourcesBuildPhase section */

/* Begin PBXVariantGroup section */
		AA4BFD79252214A0000723D8 /* Main.storyboard */ = {
			isa = PBXVariantGroup;
			children = (
				AA4BFD7A252214A0000723D8 /* Base */,
			);
			name = Main.storyboard;
			sourceTree = "<group>";
		};
		AA4BFD7E252214A4000723D8 /* LaunchScreen.storyboard */ = {
			isa = PBXVariantGroup;
			children = (
				AA4BFD7F252214A4000723D8 /* Base */,
			);
			name = LaunchScreen.storyboard;
			sourceTree = "<group>";
		};
/* End PBXVariantGroup section */

/* Begin XCBuildConfiguration section */
		AA4BFD82252214A4000723D8 /* Debug */ = {
			isa = XCBuildConfiguration;
			buildSettings = {
				ALWAYS_SEARCH_USER_PATHS = NO;
				CLANG_ANALYZER_NONNULL = YES;
				CLANG_ANALYZER_NUMBER_OBJECT_CONVERSION = YES_AGGRESSIVE;
				CLANG_CXX_LANGUAGE_STANDARD = "gnu++14";
				CLANG_CXX_LIBRARY = "libc++";
				CLANG_ENABLE_MODULES = YES;
				CLANG_ENABLE_OBJC_ARC = YES;
				CLANG_ENABLE_OBJC_WEAK = YES;
				CLANG_WARN_BLOCK_CAPTURE_AUTORELEASING = YES;
				CLANG_WARN_BOOL_CONVERSION = YES;
				CLANG_WARN_COMMA = YES;
				CLANG_WARN_CONSTANT_CONVERSION = YES;
				CLANG_WARN_DEPRECATED_OBJC_IMPLEMENTATIONS = YES;
				CLANG_WARN_DIRECT_OBJC_ISA_USAGE = YES_ERROR;
				CLANG_WARN_DOCUMENTATION_COMMENTS = YES;
				CLANG_WARN_EMPTY_BODY = YES;
				CLANG_WARN_ENUM_CONVERSION = YES;
				CLANG_WARN_INFINITE_RECURSION = YES;
				CLANG_WARN_INT_CONVERSION = YES;
				CLANG_WARN_NON_LITERAL_NULL_CONVERSION = YES;
				CLANG_WARN_OBJC_IMPLICIT_RETAIN_SELF = YES;
				CLANG_WARN_OBJC_LITERAL_CONVERSION = YES;
				CLANG_WARN_OBJC_ROOT_CLASS = YES_ERROR;
				CLANG_WARN_QUOTED_INCLUDE_IN_FRAMEWORK_HEADER = YES;
				CLANG_WARN_RANGE_LOOP_ANALYSIS = YES;
				CLANG_WARN_STRICT_PROTOTYPES = YES;
				CLANG_WARN_SUSPICIOUS_MOVE = YES;
				CLANG_WARN_UNGUARDED_AVAILABILITY = YES_AGGRESSIVE;
				CLANG_WARN_UNREACHABLE_CODE = YES;
				CLANG_WARN__DUPLICATE_METHOD_MATCH = YES;
				COPY_PHASE_STRIP = NO;
				DEBUG_INFORMATION_FORMAT = dwarf;
				ENABLE_STRICT_OBJC_MSGSEND = YES;
				ENABLE_TESTABILITY = YES;
				GCC_C_LANGUAGE_STANDARD = gnu11;
				GCC_DYNAMIC_NO_PIC = NO;
				GCC_NO_COMMON_BLOCKS = YES;
				GCC_OPTIMIZATION_LEVEL = 0;
				GCC_PREPROCESSOR_DEFINITIONS = (
					"DEBUG=1",
					"$(inherited)",
				);
				GCC_WARN_64_TO_32_BIT_CONVERSION = YES;
				GCC_WARN_ABOUT_RETURN_TYPE = YES_ERROR;
				GCC_WARN_UNDECLARED_SELECTOR = YES;
				GCC_WARN_UNINITIALIZED_AUTOS = YES_AGGRESSIVE;
				GCC_WARN_UNUSED_FUNCTION = YES;
				GCC_WARN_UNUSED_VARIABLE = YES;
				IPHONEOS_DEPLOYMENT_TARGET = 14.0;
				MTL_ENABLE_DEBUG_INFO = INCLUDE_SOURCE;
				MTL_FAST_MATH = YES;
				ONLY_ACTIVE_ARCH = YES;
				SDKROOT = iphoneos;
				SWIFT_ACTIVE_COMPILATION_CONDITIONS = DEBUG;
				SWIFT_OPTIMIZATION_LEVEL = "-Onone";
			};
			name = Debug;
		};
		AA4BFD83252214A4000723D8 /* Release */ = {
			isa = XCBuildConfiguration;
			buildSettings = {
				ALWAYS_SEARCH_USER_PATHS = NO;
				CLANG_ANALYZER_NONNULL = YES;
				CLANG_ANALYZER_NUMBER_OBJECT_CONVERSION = YES_AGGRESSIVE;
				CLANG_CXX_LANGUAGE_STANDARD = "gnu++14";
				CLANG_CXX_LIBRARY = "libc++";
				CLANG_ENABLE_MODULES = YES;
				CLANG_ENABLE_OBJC_ARC = YES;
				CLANG_ENABLE_OBJC_WEAK = YES;
				CLANG_WARN_BLOCK_CAPTURE_AUTORELEASING = YES;
				CLANG_WARN_BOOL_CONVERSION = YES;
				CLANG_WARN_COMMA = YES;
				CLANG_WARN_CONSTANT_CONVERSION = YES;
				CLANG_WARN_DEPRECATED_OBJC_IMPLEMENTATIONS = YES;
				CLANG_WARN_DIRECT_OBJC_ISA_USAGE = YES_ERROR;
				CLANG_WARN_DOCUMENTATION_COMMENTS = YES;
				CLANG_WARN_EMPTY_BODY = YES;
				CLANG_WARN_ENUM_CONVERSION = YES;
				CLANG_WARN_INFINITE_RECURSION = YES;
				CLANG_WARN_INT_CONVERSION = YES;
				CLANG_WARN_NON_LITERAL_NULL_CONVERSION = YES;
				CLANG_WARN_OBJC_IMPLICIT_RETAIN_SELF = YES;
				CLANG_WARN_OBJC_LITERAL_CONVERSION = YES;
				CLANG_WARN_OBJC_ROOT_CLASS = YES_ERROR;
				CLANG_WARN_QUOTED_INCLUDE_IN_FRAMEWORK_HEADER = YES;
				CLANG_WARN_RANGE_LOOP_ANALYSIS = YES;
				CLANG_WARN_STRICT_PROTOTYPES = YES;
				CLANG_WARN_SUSPICIOUS_MOVE = YES;
				CLANG_WARN_UNGUARDED_AVAILABILITY = YES_AGGRESSIVE;
				CLANG_WARN_UNREACHABLE_CODE = YES;
				CLANG_WARN__DUPLICATE_METHOD_MATCH = YES;
				COPY_PHASE_STRIP = NO;
				DEBUG_INFORMATION_FORMAT = "dwarf-with-dsym";
				ENABLE_NS_ASSERTIONS = NO;
				ENABLE_STRICT_OBJC_MSGSEND = YES;
				GCC_C_LANGUAGE_STANDARD = gnu11;
				GCC_NO_COMMON_BLOCKS = YES;
				GCC_WARN_64_TO_32_BIT_CONVERSION = YES;
				GCC_WARN_ABOUT_RETURN_TYPE = YES_ERROR;
				GCC_WARN_UNDECLARED_SELECTOR = YES;
				GCC_WARN_UNINITIALIZED_AUTOS = YES_AGGRESSIVE;
				GCC_WARN_UNUSED_FUNCTION = YES;
				GCC_WARN_UNUSED_VARIABLE = YES;
				IPHONEOS_DEPLOYMENT_TARGET = 14.0;
				MTL_ENABLE_DEBUG_INFO = NO;
				MTL_FAST_MATH = YES;
				SDKROOT = iphoneos;
				SWIFT_COMPILATION_MODE = wholemodule;
				SWIFT_OPTIMIZATION_LEVEL = "-O";
				VALIDATE_PRODUCT = YES;
			};
			name = Release;
		};
		AA4BFD85252214A4000723D8 /* Debug */ = {
			isa = XCBuildConfiguration;
			buildSettings = {
				ASSETCATALOG_COMPILER_APPICON_NAME = AppIcon;
				ASSETCATALOG_COMPILER_GLOBAL_ACCENT_COLOR_NAME = AccentColor;
				CODE_SIGN_STYLE = Automatic;
				DEVELOPMENT_TEAM = 3DVPSJM64H;
				INFOPLIST_FILE = tableViewAvancado/Info.plist;
				LD_RUNPATH_SEARCH_PATHS = (
					"$(inherited)",
					"@executable_path/Frameworks",
				);
				PRODUCT_BUNDLE_IDENTIFIER = com.thiagomonteiro.tableViewAvancado;
				PRODUCT_NAME = "$(TARGET_NAME)";
				SWIFT_VERSION = 5.0;
				TARGETED_DEVICE_FAMILY = "1,2";
			};
			name = Debug;
		};
		AA4BFD86252214A4000723D8 /* Release */ = {
			isa = XCBuildConfiguration;
			buildSettings = {
				ASSETCATALOG_COMPILER_APPICON_NAME = AppIcon;
				ASSETCATALOG_COMPILER_GLOBAL_ACCENT_COLOR_NAME = AccentColor;
				CODE_SIGN_STYLE = Automatic;
				DEVELOPMENT_TEAM = 3DVPSJM64H;
				INFOPLIST_FILE = tableViewAvancado/Info.plist;
				LD_RUNPATH_SEARCH_PATHS = (
					"$(inherited)",
					"@executable_path/Frameworks",
				);
				PRODUCT_BUNDLE_IDENTIFIER = com.thiagomonteiro.tableViewAvancado;
				PRODUCT_NAME = "$(TARGET_NAME)";
				SWIFT_VERSION = 5.0;
				TARGETED_DEVICE_FAMILY = "1,2";
			};
			name = Release;
		};
/* End XCBuildConfiguration section */

/* Begin XCConfigurationList section */
		AA4BFD6B252214A0000723D8 /* Build configuration list for PBXProject "tableViewAvancado" */ = {
			isa = XCConfigurationList;
			buildConfigurations = (
				AA4BFD82252214A4000723D8 /* Debug */,
				AA4BFD83252214A4000723D8 /* Release */,
			);
			defaultConfigurationIsVisible = 0;
			defaultConfigurationName = Release;
		};
		AA4BFD84252214A4000723D8 /* Build configuration list for PBXNativeTarget "tableViewAvancado" */ = {
			isa = XCConfigurationList;
			buildConfigurations = (
				AA4BFD85252214A4000723D8 /* Debug */,
				AA4BFD86252214A4000723D8 /* Release */,
			);
			defaultConfigurationIsVisible = 0;
			defaultConfigurationName = Release;
		};
/* End XCConfigurationList section */
	};
	rootObject = AA4BFD68252214A0000723D8 /* Project object */;
}
